
Microsoft Visual Studio Solution File, Format Version 12.00
# Visual Studio Version 16
VisualStudioVersion = 16.0.31424.327
MinimumVisualStudioVersion = 10.0.40219.1
Project("{2150E333-8FDC-42A3-9474-1A3956D46DE8}") = "Tests", "Tests", "{AD07F4F1-D96C-497B-9D4E-F8F6E037F1AB}"
EndProject
Project("{2150E333-8FDC-42A3-9474-1A3956D46DE8}") = "Tools", "Tools", "{A9F915B3-682B-4353-A04A-A5352DE2DE0C}"
EndProject
Project("{2150E333-8FDC-42A3-9474-1A3956D46DE8}") = "Examples", "Examples", "{3F564640-CE2E-4027-AC64-74D405D73920}"
EndProject
Project("{2150E333-8FDC-42A3-9474-1A3956D46DE8}") = "Main", "Main", "{535B106E-CDB4-4CE6-9720-1AACD090E090}"
EndProject
Project("{FAE04EC0-301F-11D3-BF4B-00C04F79EFBC}") = "CheckFileHeaders", "tools\CheckFileHeaders\CheckFileHeaders.csproj", "{52B2D9AC-8AF6-41D5-8343-9849CBB19AAB}"
EndProject
Project("{FAE04EC0-301F-11D3-BF4B-00C04F79EFBC}") = "ResourceAssembler", "tools\ResourceAssembler\ResourceAssembler.csproj", "{FE5DFD25-7D7F-4A34-912B-582066F66EFB}"
EndProject
Project("{FAE04EC0-301F-11D3-BF4B-00C04F79EFBC}") = "UpdateAssemblyInfo", "tools\UpdateAssemblyInfo\UpdateAssemblyInfo.csproj", "{8229927A-9D5F-47D7-B7BE-00219316326F}"
EndProject
Project("{FAE04EC0-301F-11D3-BF4B-00C04F79EFBC}") = "hb.tests", "tests\hb.tests\hb.tests.csproj", "{275B3EFA-1E4C-4982-A471-7A3E44352372}"
EndProject
Project("{FAE04EC0-301F-11D3-BF4B-00C04F79EFBC}") = "hb.demo", "examples\hb.demo\hb.demo.csproj", "{47503A02-E33C-4D18-A06A-13FB1C8B57D9}"
EndProject
Project("{FAE04EC0-301F-11D3-BF4B-00C04F79EFBC}") = "hb", "src\hb\hb.csproj", "{57CCFAC9-7274-4696-84D0-4B973100F22F}"
EndProject
Project("{FAE04EC0-301F-11D3-BF4B-00C04F79EFBC}") = "hb.network", "src\hb.network\hb.network.csproj", "{FD2E681C-7AA9-4836-A280-674D5D4E4532}"
EndProject
Project("{FAE04EC0-301F-11D3-BF4B-00C04F79EFBC}") = "hb.wpf", "src\hb.wpf\hb.wpf.csproj", "{BFDE7C45-6283-4B35-A0EF-5AAE59F4AF1F}"
EndProject
Project("{FAE04EC0-301F-11D3-BF4B-00C04F79EFBC}") = "XTcp", "src\XTcp\XTcp.csproj", "{5798EE49-1201-49A6-B7ED-6D2AEFC730AA}"
EndProject
Global
	GlobalSection(SolutionConfigurationPlatforms) = preSolution
		Debug|Any CPU = Debug|Any CPU
		Debug|x86 = Debug|x86
		Release|Any CPU = Release|Any CPU
		Release|x86 = Release|x86
	EndGlobalSection
	GlobalSection(ProjectConfigurationPlatforms) = postSolution
		{52B2D9AC-8AF6-41D5-8343-9849CBB19AAB}.Debug|Any CPU.ActiveCfg = Debug|Any CPU
		{52B2D9AC-8AF6-41D5-8343-9849CBB19AAB}.Debug|Any CPU.Build.0 = Debug|Any CPU
		{52B2D9AC-8AF6-41D5-8343-9849CBB19AAB}.Debug|x86.ActiveCfg = Debug|Any CPU
		{52B2D9AC-8AF6-41D5-8343-9849CBB19AAB}.Debug|x86.Build.0 = Debug|Any CPU
		{52B2D9AC-8AF6-41D5-8343-9849CBB19AAB}.Release|Any CPU.ActiveCfg = Release|Any CPU
		{52B2D9AC-8AF6-41D5-8343-9849CBB19AAB}.Release|Any CPU.Build.0 = Release|Any CPU
		{52B2D9AC-8AF6-41D5-8343-9849CBB19AAB}.Release|x86.ActiveCfg = Release|Any CPU
		{52B2D9AC-8AF6-41D5-8343-9849CBB19AAB}.Release|x86.Build.0 = Release|Any CPU
		{FE5DFD25-7D7F-4A34-912B-582066F66EFB}.Debug|Any CPU.ActiveCfg = Debug|Any CPU
		{FE5DFD25-7D7F-4A34-912B-582066F66EFB}.Debug|Any CPU.Build.0 = Debug|Any CPU
		{FE5DFD25-7D7F-4A34-912B-582066F66EFB}.Debug|x86.ActiveCfg = Debug|Any CPU
		{FE5DFD25-7D7F-4A34-912B-582066F66EFB}.Debug|x86.Build.0 = Debug|Any CPU
		{FE5DFD25-7D7F-4A34-912B-582066F66EFB}.Release|Any CPU.ActiveCfg = Release|Any CPU
		{FE5DFD25-7D7F-4A34-912B-582066F66EFB}.Release|Any CPU.Build.0 = Release|Any CPU
		{FE5DFD25-7D7F-4A34-912B-582066F66EFB}.Release|x86.ActiveCfg = Release|Any CPU
		{FE5DFD25-7D7F-4A34-912B-582066F66EFB}.Release|x86.Build.0 = Release|Any CPU
		{8229927A-9D5F-47D7-B7BE-00219316326F}.Debug|Any CPU.ActiveCfg = Debug|Any CPU
		{8229927A-9D5F-47D7-B7BE-00219316326F}.Debug|Any CPU.Build.0 = Debug|Any CPU
		{8229927A-9D5F-47D7-B7BE-00219316326F}.Debug|x86.ActiveCfg = Debug|Any CPU
		{8229927A-9D5F-47D7-B7BE-00219316326F}.Debug|x86.Build.0 = Debug|Any CPU
		{8229927A-9D5F-47D7-B7BE-00219316326F}.Release|Any CPU.ActiveCfg = Release|Any CPU
		{8229927A-9D5F-47D7-B7BE-00219316326F}.Release|Any CPU.Build.0 = Release|Any CPU
		{8229927A-9D5F-47D7-B7BE-00219316326F}.Release|x86.ActiveCfg = Release|Any CPU
		{8229927A-9D5F-47D7-B7BE-00219316326F}.Release|x86.Build.0 = Release|Any CPU
		{275B3EFA-1E4C-4982-A471-7A3E44352372}.Debug|Any CPU.ActiveCfg = Debug|Any CPU
		{275B3EFA-1E4C-4982-A471-7A3E44352372}.Debug|Any CPU.Build.0 = Debug|Any CPU
		{275B3EFA-1E4C-4982-A471-7A3E44352372}.Debug|x86.ActiveCfg = Debug|Any CPU
		{275B3EFA-1E4C-4982-A471-7A3E44352372}.Debug|x86.Build.0 = Debug|Any CPU
		{275B3EFA-1E4C-4982-A471-7A3E44352372}.Release|Any CPU.ActiveCfg = Release|Any CPU
		{275B3EFA-1E4C-4982-A471-7A3E44352372}.Release|Any CPU.Build.0 = Release|Any CPU
		{275B3EFA-1E4C-4982-A471-7A3E44352372}.Release|x86.ActiveCfg = Release|Any CPU
		{275B3EFA-1E4C-4982-A471-7A3E44352372}.Release|x86.Build.0 = Release|Any CPU
		{47503A02-E33C-4D18-A06A-13FB1C8B57D9}.Debug|Any CPU.ActiveCfg = Debug|Any CPU
		{47503A02-E33C-4D18-A06A-13FB1C8B57D9}.Debug|Any CPU.Build.0 = Debug|Any CPU
		{47503A02-E33C-4D18-A06A-13FB1C8B57D9}.Debug|x86.ActiveCfg = Debug|Any CPU
		{47503A02-E33C-4D18-A06A-13FB1C8B57D9}.Debug|x86.Build.0 = Debug|Any CPU
		{47503A02-E33C-4D18-A06A-13FB1C8B57D9}.Release|Any CPU.ActiveCfg = Release|Any CPU
		{47503A02-E33C-4D18-A06A-13FB1C8B57D9}.Release|Any CPU.Build.0 = Release|Any CPU
		{47503A02-E33C-4D18-A06A-13FB1C8B57D9}.Release|x86.ActiveCfg = Release|Any CPU
		{47503A02-E33C-4D18-A06A-13FB1C8B57D9}.Release|x86.Build.0 = Release|Any CPU
		{57CCFAC9-7274-4696-84D0-4B973100F22F}.Debug|Any CPU.ActiveCfg = Debug|Any CPU
		{57CCFAC9-7274-4696-84D0-4B973100F22F}.Debug|Any CPU.Build.0 = Debug|Any CPU
		{57CCFAC9-7274-4696-84D0-4B973100F22F}.Debug|x86.ActiveCfg = Debug|Any CPU
		{57CCFAC9-7274-4696-84D0-4B973100F22F}.Debug|x86.Build.0 = Debug|Any CPU
		{57CCFAC9-7274-4696-84D0-4B973100F22F}.Release|Any CPU.ActiveCfg = Release|Any CPU
		{57CCFAC9-7274-4696-84D0-4B973100F22F}.Release|Any CPU.Build.0 = Release|Any CPU
		{57CCFAC9-7274-4696-84D0-4B973100F22F}.Release|x86.ActiveCfg = Release|Any CPU
		{57CCFAC9-7274-4696-84D0-4B973100F22F}.Release|x86.Build.0 = Release|Any CPU
		{FD2E681C-7AA9-4836-A280-674D5D4E4532}.Debug|Any CPU.ActiveCfg = Debug|Any CPU
		{FD2E681C-7AA9-4836-A280-674D5D4E4532}.Debug|Any CPU.Build.0 = Debug|Any CPU
		{FD2E681C-7AA9-4836-A280-674D5D4E4532}.Debug|x86.ActiveCfg = Debug|Any CPU
		{FD2E681C-7AA9-4836-A280-674D5D4E4532}.Debug|x86.Build.0 = Debug|Any CPU
		{FD2E681C-7AA9-4836-A280-674D5D4E4532}.Release|Any CPU.ActiveCfg = Release|Any CPU
		{FD2E681C-7AA9-4836-A280-674D5D4E4532}.Release|Any CPU.Build.0 = Release|Any CPU
		{FD2E681C-7AA9-4836-A280-674D5D4E4532}.Release|x86.ActiveCfg = Release|Any CPU
		{FD2E681C-7AA9-4836-A280-674D5D4E4532}.Release|x86.Build.0 = Release|Any CPU
		{BFDE7C45-6283-4B35-A0EF-5AAE59F4AF1F}.Debug|Any CPU.ActiveCfg = Debug|Any CPU
		{BFDE7C45-6283-4B35-A0EF-5AAE59F4AF1F}.Debug|Any CPU.Build.0 = Debug|Any CPU
		{BFDE7C45-6283-4B35-A0EF-5AAE59F4AF1F}.Debug|x86.ActiveCfg = Debug|x86
		{BFDE7C45-6283-4B35-A0EF-5AAE59F4AF1F}.Debug|x86.Build.0 = Debug|x86
		{BFDE7C45-6283-4B35-A0EF-5AAE59F4AF1F}.Release|Any CPU.ActiveCfg = Release|Any CPU
		{BFDE7C45-6283-4B35-A0EF-5AAE59F4AF1F}.Release|Any CPU.Build.0 = Release|Any CPU
		{BFDE7C45-6283-4B35-A0EF-5AAE59F4AF1F}.Release|x86.ActiveCfg = Release|x86
		{BFDE7C45-6283-4B35-A0EF-5AAE59F4AF1F}.Release|x86.Build.0 = Release|x86
		{5798EE49-1201-49A6-B7ED-6D2AEFC730AA}.Debug|Any CPU.ActiveCfg = Debug|Any CPU
		{5798EE49-1201-49A6-B7ED-6D2AEFC730AA}.Debug|Any CPU.Build.0 = Debug|Any CPU
		{5798EE49-1201-49A6-B7ED-6D2AEFC730AA}.Debug|x86.ActiveCfg = Debug|Any CPU
		{5798EE49-1201-49A6-B7ED-6D2AEFC730AA}.Debug|x86.Build.0 = Debug|Any CPU
		{5798EE49-1201-49A6-B7ED-6D2AEFC730AA}.Release|Any CPU.ActiveCfg = Release|Any CPU
		{5798EE49-1201-49A6-B7ED-6D2AEFC730AA}.Release|Any CPU.Build.0 = Release|Any CPU
		{5798EE49-1201-49A6-B7ED-6D2AEFC730AA}.Release|x86.ActiveCfg = Release|Any CPU
		{5798EE49-1201-49A6-B7ED-6D2AEFC730AA}.Release|x86.Build.0 = Release|Any CPU
	EndGlobalSection
	GlobalSection(SolutionProperties) = preSolution
		HideSolutionNode = FALSE
	EndGlobalSection
	GlobalSection(NestedProjects) = preSolution
		{52B2D9AC-8AF6-41D5-8343-9849CBB19AAB} = {A9F915B3-682B-4353-A04A-A5352DE2DE0C}
		{FE5DFD25-7D7F-4A34-912B-582066F66EFB} = {A9F915B3-682B-4353-A04A-A5352DE2DE0C}
		{8229927A-9D5F-47D7-B7BE-00219316326F} = {A9F915B3-682B-4353-A04A-A5352DE2DE0C}
		{275B3EFA-1E4C-4982-A471-7A3E44352372} = {AD07F4F1-D96C-497B-9D4E-F8F6E037F1AB}
		{47503A02-E33C-4D18-A06A-13FB1C8B57D9} = {3F564640-CE2E-4027-AC64-74D405D73920}
		{57CCFAC9-7274-4696-84D0-4B973100F22F} = {535B106E-CDB4-4CE6-9720-1AACD090E090}
		{FD2E681C-7AA9-4836-A280-674D5D4E4532} = {535B106E-CDB4-4CE6-9720-1AACD090E090}
		{BFDE7C45-6283-4B35-A0EF-5AAE59F4AF1F} = {535B106E-CDB4-4CE6-9720-1AACD090E090}
		{5798EE49-1201-49A6-B7ED-6D2AEFC730AA} = {535B106E-CDB4-4CE6-9720-1AACD090E090}
	EndGlobalSection
	GlobalSection(ExtensibilityGlobals) = postSolution
		SolutionGuid = {5F2D1D23-89F7-4406-8DDD-B3D32AD384C1}
	EndGlobalSection
EndGlobal
