
Microsoft Visual Studio Solution File, Format Version 12.00
# Visual Studio Version 16
VisualStudioVersion = 16.0.31424.327
MinimumVisualStudioVersion = 10.0.40219.1
Project("{FAE04EC0-301F-11D3-BF4B-00C04F79EFBC}") = "hb", "hb\hb.csproj", "{57CCFAC9-7274-4696-84D0-4B973100F22F}"
EndProject
Project("{FAE04EC0-301F-11D3-BF4B-00C04F79EFBC}") = "hb.Tests", "hb.Tests\hb.Tests.csproj", "{105C0128-CE3E-4A99-9898-510C7BF28E11}"
EndProject
Global
	GlobalSection(SolutionConfigurationPlatforms) = preSolution
		Debug|Any CPU = Debug|Any CPU
		Release|Any CPU = Release|Any CPU
	EndGlobalSection
	GlobalSection(ProjectConfigurationPlatforms) = postSolution
		{57CCFAC9-7274-4696-84D0-4B973100F22F}.Debug|Any CPU.ActiveCfg = Debug|Any CPU
		{57CCFAC9-7274-4696-84D0-4B973100F22F}.Debug|Any CPU.Build.0 = Debug|Any CPU
		{57CCFAC9-7274-4696-84D0-4B973100F22F}.Release|Any CPU.ActiveCfg = Release|Any CPU
		{57CCFAC9-7274-4696-84D0-4B973100F22F}.Release|Any CPU.Build.0 = Release|Any CPU
		{105C0128-CE3E-4A99-9898-510C7BF28E11}.Debug|Any CPU.ActiveCfg = Debug|Any CPU
		{105C0128-CE3E-4A99-9898-510C7BF28E11}.Debug|Any CPU.Build.0 = Debug|Any CPU
		{105C0128-CE3E-4A99-9898-510C7BF28E11}.Release|Any CPU.ActiveCfg = Release|Any CPU
		{105C0128-CE3E-4A99-9898-510C7BF28E11}.Release|Any CPU.Build.0 = Release|Any CPU
	EndGlobalSection
	GlobalSection(SolutionProperties) = preSolution
		HideSolutionNode = FALSE
	EndGlobalSection
	GlobalSection(ExtensibilityGlobals) = postSolution
		SolutionGuid = {5F2D1D23-89F7-4406-8DDD-B3D32AD384C1}
	EndGlobalSection
EndGlobal
